
Microsoft Visual Studio Solution File, Format Version 12.00
# Visual Studio Version 17
VisualStudioVersion = 17.11.35431.28
MinimumVisualStudioVersion = 10.0.40219.1
Project("{FAE04EC0-301F-11D3-BF4B-00C04F79EFBC}") = "HybridRepoNet", "src\HybridRepoNet\HybridRepoNet.csproj", "{EAB8ABDC-962F-440A-A04B-6C2A0BA0B262}"
EndProject
Global
	GlobalSection(SolutionConfigurationPlatforms) = preSolution
		Debug|Any CPU = Debug|Any CPU
		Release|Any CPU = Release|Any CPU
	EndGlobalSection
	GlobalSection(ProjectConfigurationPlatforms) = postSolution
		{EAB8ABDC-962F-440A-A04B-6C2A0BA0B262}.Debug|Any CPU.ActiveCfg = Debug|Any CPU
		{EAB8ABDC-962F-440A-A04B-6C2A0BA0B262}.Debug|Any CPU.Build.0 = Debug|Any CPU
		{EAB8ABDC-962F-440A-A04B-6C2A0BA0B262}.Release|Any CPU.ActiveCfg = Release|Any CPU
		{EAB8ABDC-962F-440A-A04B-6C2A0BA0B262}.Release|Any CPU.Build.0 = Release|Any CPU
	EndGlobalSection
	GlobalSection(SolutionProperties) = preSolution
		HideSolutionNode = FALSE
	EndGlobalSection
	GlobalSection(ExtensibilityGlobals) = postSolution
		SolutionGuid = {CBD4CE29-2E52-48A0-B4BB-87686573C021}
	EndGlobalSection
EndGlobal
